{
  "version": 4,
  "terraform_version": "1.15.8",
  "serial": 8,
  "lineage": "c543a422-8c68-3e1d-76e8-79befe0278e6",
  "outputs": {
    "bucket_name": {
      "value": "terraform-0f59e3e22ad133ca2c3787d7bd",
      "type": "string"
    },
    "lambda_name": {
      "value": "request-to-s3",
      "type": "string"
    },
    "lambda_url": {
      "value": "https://d4wxtjsj73nsz6dr4rz5ioi7640jdffm.lambda-url.us-east-2.on.aws/",
      "type": "string"
    }
  },
  "resources": [
    {
      "mode": "data",
      "type": "archive_file",
      "name": "lambda",
      "provider": "provider[\"registry.terraform.io/hashicorp/archive\"]",
      "instances": [
        {
          "schema_version": 0,
          "attributes": {
            "exclude_symlink_directories": null,
            "excludes": null,
            "id": "8918ca61b37fed1f1bc56f73a81a259bfb3fafdb",
            "output_base64sha256": "Xds9ATQu3IE7WAwLopo2PM82joqrUK7D/8C7xXQxTEg=",
            "output_base64sha512": "EDit+w5mKAp6qdaDXfUmIDP/BsPt6cRhHJyxfvMBaOGPHFSuudxFWpMBqgE9plKqKlbicQGsPBY8DF1TB3Lz4w==",
            "output_file_mode": null,
            "output_md5": "612e0dbac20d460eb5ff2e549e62318d",
            "output_path": "./lambda_function.zip",
            "output_sha": "8918ca61b37fed1f1bc56f73a81a259bfb3fafdb",
            "output_sha256": "5ddb3d01342edc813b580c0ba29a363ccf368e8aab50aec3ffc0bbc574314c48",
            "output_sha512": "1038adfb0e66280a7aa9d6835df5262033ff06c3ede9c4611c9cb17ef30168e18f1c54aeb9dc455a9301aa013da652aa2a56e27101ac3c163c0c5d530772f3e3",
            "output_size": 850,
            "source": [],
            "source_content": null,
            "source_content_filename": null,
            "source_dir": null,
            "source_file": "./lambda/lambda_function.py",
            "type": "zip"
          },
          "sensitive_attributes": [],
          "identity_schema_version": 0
        }
      ]
    },
    {
      "mode": "managed",
      "type": "aws_iam_role",
      "name": "lambda_role",
      "provider": "provider[\"registry.terraform.io/hashicorp/aws\"]",
      "instances": [
        {
          "schema_version": 0,
          "attributes": {
            "arn": "arn:aws:iam::046003573498:role/lambda-s3-request-role",
            "assume_role_policy": "{\"Statement\":[{\"Action\":\"sts:AssumeRole\",\"Effect\":\"Allow\",\"Principal\":{\"Service\":\"lambda.amazonaws.com\"}}],\"Version\":\"2012-10-17\"}",
            "create_date": "2026-08-08T19:59:42Z",
            "description": "",
            "force_detach_policies": false,
            "id": "lambda-s3-request-role",
            "inline_policy": [],
            "managed_policy_arns": [],
            "max_session_duration": 3600,
            "name": "lambda-s3-request-role",
            "name_prefix": "",
            "path": "/",
            "permissions_boundary": "",
            "tags": null,
            "tags_all": {},
            "unique_id": "AROAQVNQG2L5HTQRGKGF4"
          },
          "sensitive_attributes": [],
          "identity_schema_version": 0,
          "identity": {
            "account_id": "046003573498",
            "name": "lambda-s3-request-role"
          },
          "private": "bnVsbA=="
        }
      ]
    },
    {
      "mode": "managed",
      "type": "aws_iam_role_policy",
      "name": "lambda_s3",
      "provider": "provider[\"registry.terraform.io/hashicorp/aws\"]",
      "instances": [
        {
          "schema_version": 0,
          "attributes": {
            "id": "lambda-s3-request-role:lambda-s3-write-policy",
            "name": "lambda-s3-write-policy",
            "name_prefix": "",
            "policy": "{\"Version\":\"2012-10-17\",\"Statement\":[{\"Action\":[\"s3:PutObject\"],\"Effect\":\"Allow\",\"Resource\":\"arn:aws:s3:::terraform-0f59e3e22ad133ca2c3787d7bd/*\"}]}",
            "role": "lambda-s3-request-role"
          },
          "sensitive_attributes": [],
          "identity_schema_version": 0,
          "identity": {
            "account_id": "046003573498",
            "name": "lambda-s3-write-policy",
            "role": "lambda-s3-request-role"
          },
          "private": "bnVsbA==",
          "dependencies": [
            "aws_iam_role.lambda_role",
            "aws_s3_bucket.results"
          ]
        }
      ]
    },
    {
      "mode": "managed",
      "type": "aws_iam_role_policy_attachment",
      "name": "lambda_logs",
      "provider": "provider[\"registry.terraform.io/hashicorp/aws\"]",
      "instances": [
        {
          "schema_version": 0,
          "attributes": {
            "id": "lambda-s3-request-role/arn:aws:iam::aws:policy/service-role/AWSLambdaBasicExecutionRole",
            "policy_arn": "arn:aws:iam::aws:policy/service-role/AWSLambdaBasicExecutionRole",
            "role": "lambda-s3-request-role"
          },
          "sensitive_attributes": [],
          "identity_schema_version": 0,
          "identity": {
            "account_id": "046003573498",
            "policy_arn": "arn:aws:iam::aws:policy/service-role/AWSLambdaBasicExecutionRole",
            "role": "lambda-s3-request-role"
          },
          "private": "bnVsbA==",
          "dependencies": [
            "aws_iam_role.lambda_role"
          ]
        }
      ]
    },
    {
      "mode": "managed",
      "type": "aws_lambda_function",
      "name": "request_handler",
      "provider": "provider[\"registry.terraform.io/hashicorp/aws\"]",
      "instances": [
        {
          "schema_version": 0,
          "attributes": {
            "architectures": [
              "x86_64"
            ],
            "arn": "arn:aws:lambda:us-east-2:046003573498:function:request-to-s3",
            "capacity_provider_config": [],
            "code_sha256": "Xds9ATQu3IE7WAwLopo2PM82joqrUK7D/8C7xXQxTEg=",
            "code_signing_config_arn": "",
            "dead_letter_config": [],
            "description": "",
            "durable_config": [],
            "environment": [
              {
                "variables": {
                  "BUCKET_NAME": "terraform-0f59e3e22ad133ca2c3787d7bd"
                }
              }
            ],
            "ephemeral_storage": [
              {
                "size": 512
              }
            ],
            "file_system_config": [],
            "filename": "./lambda_function.zip",
            "function_name": "request-to-s3",
            "handler": "lambda_function.lambda_handler",
            "id": "request-to-s3",
            "image_config": [],
            "image_uri": "",
            "invoke_arn": "arn:aws:apigateway:us-east-2:lambda:path/2015-03-31/functions/arn:aws:lambda:us-east-2:046003573498:function:request-to-s3/invocations",
            "kms_key_arn": "",
            "last_modified": "2026-08-08T19:59:52.573+0000",
            "layers": null,
            "logging_config": [
              {
                "application_log_level": "",
                "log_format": "Text",
                "log_group": "/aws/lambda/request-to-s3",
                "system_log_level": ""
              }
            ],
            "memory_size": 128,
            "package_type": "Zip",
            "publish": false,
            "publish_to": null,
            "qualified_arn": "arn:aws:lambda:us-east-2:046003573498:function:request-to-s3:$LATEST",
            "qualified_invoke_arn": "arn:aws:apigateway:us-east-2:lambda:path/2015-03-31/functions/arn:aws:lambda:us-east-2:046003573498:function:request-to-s3:$LATEST/invocations",
            "region": "us-east-2",
            "replace_security_groups_on_destroy": null,
            "replacement_security_group_ids": null,
            "reserved_concurrent_executions": -1,
            "response_streaming_invoke_arn": "arn:aws:apigateway:us-east-2:lambda:path/2021-11-15/functions/arn:aws:lambda:us-east-2:046003573498:function:request-to-s3/response-streaming-invocations",
            "role": "arn:aws:iam::046003573498:role/lambda-s3-request-role",
            "runtime": "python3.14",
            "s3_bucket": null,
            "s3_key": null,
            "s3_object_version": null,
            "signing_job_arn": "",
            "signing_profile_version_arn": "",
            "skip_destroy": false,
            "snap_start": [],
            "source_code_hash": "Xds9ATQu3IE7WAwLopo2PM82joqrUK7D/8C7xXQxTEg=",
            "source_code_size": 850,
            "source_kms_key_arn": "",
            "tags": null,
            "tags_all": {},
            "tenancy_config": [],
            "timeout": 10,
            "timeouts": null,
            "tracing_config": [
              {
                "mode": "PassThrough"
              }
            ],
            "use_resource_timeout_for_propagation": null,
            "version": "$LATEST",
            "vpc_config": []
          },
          "sensitive_attributes": [],
          "identity_schema_version": 0,
          "identity": {
            "account_id": "046003573498",
            "function_name": "request-to-s3",
            "region": "us-east-2"
          },
          "private": "eyJlMmJmYjczMC1lY2FhLTExZTYtOGY4OC0zNDM2M2JjN2M0YzAiOnsiY3JlYXRlIjo2MDAwMDAwMDAwMDAsImRlbGV0ZSI6NjAwMDAwMDAwMDAwLCJ1cGRhdGUiOjYwMDAwMDAwMDAwMH19",
          "dependencies": [
            "aws_iam_role.lambda_role",
            "aws_iam_role_policy.lambda_s3",
            "aws_iam_role_policy_attachment.lambda_logs",
            "aws_s3_bucket.results",
            "data.archive_file.lambda"
          ]
        }
      ]
    },
    {
      "mode": "managed",
      "type": "aws_lambda_function_url",
      "name": "request_handler",
      "provider": "provider[\"registry.terraform.io/hashicorp/aws\"]",
      "instances": [
        {
          "schema_version": 0,
          "attributes": {
            "authorization_type": "NONE",
            "cors": [],
            "function_arn": "arn:aws:lambda:us-east-2:046003573498:function:request-to-s3",
            "function_name": "request-to-s3",
            "function_url": "https://d4wxtjsj73nsz6dr4rz5ioi7640jdffm.lambda-url.us-east-2.on.aws/",
            "id": "request-to-s3",
            "invoke_mode": "BUFFERED",
            "qualifier": "",
            "region": "us-east-2",
            "timeouts": null,
            "url_id": "d4wxtjsj73nsz6dr4rz5ioi7640jdffm"
          },
          "sensitive_attributes": [],
          "identity_schema_version": 0,
          "private": "eyJlMmJmYjczMC1lY2FhLTExZTYtOGY4OC0zNDM2M2JjN2M0YzAiOnsiY3JlYXRlIjo2MDAwMDAwMDAwMDB9fQ==",
          "dependencies": [
            "aws_iam_role.lambda_role",
            "aws_iam_role_policy.lambda_s3",
            "aws_iam_role_policy_attachment.lambda_logs",
            "aws_lambda_function.request_handler",
            "aws_s3_bucket.results",
            "data.archive_file.lambda"
          ]
        }
      ]
    },
    {
      "mode": "managed",
      "type": "aws_s3_bucket",
      "name": "results",
      "provider": "provider[\"registry.terraform.io/hashicorp/aws\"]",
      "instances": [
        {
          "schema_version": 0,
          "attributes": {
            "acceleration_status": "",
            "acl": null,
            "arn": "arn:aws:s3:::terraform-0f59e3e22ad133ca2c3787d7bd",
            "bucket": "terraform-0f59e3e22ad133ca2c3787d7bd",
            "bucket_domain_name": "terraform-0f59e3e22ad133ca2c3787d7bd.s3.amazonaws.com",
            "bucket_namespace": "global",
            "bucket_prefix": "terraform-",
            "bucket_region": "us-east-2",
            "bucket_regional_domain_name": "terraform-0f59e3e22ad133ca2c3787d7bd.s3.us-east-2.amazonaws.com",
            "cors_rule": [],
            "force_destroy": false,
            "grant": [
              {
                "id": "a80f19bacc85502375a5dd236a5e7b112230d68ce7eee5f61fc6c2929686c63c",
                "permissions": [
                  "FULL_CONTROL"
                ],
                "type": "CanonicalUser",
                "uri": ""
              }
            ],
            "hosted_zone_id": "Z2O1EMRO9K5GLX",
            "id": "terraform-0f59e3e22ad133ca2c3787d7bd",
            "lifecycle_rule": [],
            "logging": [],
            "object_lock_configuration": [],
            "object_lock_enabled": false,
            "policy": "",
            "region": "us-east-2",
            "replication_configuration": [],
            "request_payer": "BucketOwner",
            "server_side_encryption_configuration": [
              {
                "rule": [
                  {
                    "apply_server_side_encryption_by_default": [
                      {
                        "kms_master_key_id": "",
                        "sse_algorithm": "AES256"
                      }
                    ],
                    "bucket_key_enabled": false
                  }
                ]
              }
            ],
            "tags": {
              "Environment": "Demo",
              "Name": "Lambda Request Results"
            },
            "tags_all": {
              "Environment": "Demo",
              "Name": "Lambda Request Results"
            },
            "timeouts": null,
            "versioning": [
              {
                "enabled": false,
                "mfa_delete": false
              }
            ],
            "website": [],
            "website_domain": null,
            "website_endpoint": null
          },
          "sensitive_attributes": [],
          "identity_schema_version": 0,
          "identity": {
            "account_id": "046003573498",
            "bucket": "terraform-0f59e3e22ad133ca2c3787d7bd",
            "region": "us-east-2"
          },
          "private": "eyJlMmJmYjczMC1lY2FhLTExZTYtOGY4OC0zNDM2M2JjN2M0YzAiOnsiY3JlYXRlIjoxMjAwMDAwMDAwMDAwLCJkZWxldGUiOjM2MDAwMDAwMDAwMDAsInJlYWQiOjEyMDAwMDAwMDAwMDAsInVwZGF0ZSI6MTIwMDAwMDAwMDAwMH19"
        }
      ]
    },
    {
      "mode": "managed",
      "type": "aws_s3_bucket_public_access_block",
      "name": "results",
      "provider": "provider[\"registry.terraform.io/hashicorp/aws\"]",
      "instances": [
        {
          "schema_version": 0,
          "attributes": {
            "block_public_acls": true,
            "block_public_policy": true,
            "bucket": "terraform-0f59e3e22ad133ca2c3787d7bd",
            "id": "terraform-0f59e3e22ad133ca2c3787d7bd",
            "ignore_public_acls": true,
            "region": "us-east-2",
            "restrict_public_buckets": true,
            "skip_destroy": null
          },
          "sensitive_attributes": [],
          "identity_schema_version": 0,
          "identity": {
            "account_id": "046003573498",
            "bucket": "terraform-0f59e3e22ad133ca2c3787d7bd",
            "region": "us-east-2"
          },
          "private": "bnVsbA==",
          "dependencies": [
            "aws_s3_bucket.results"
          ]
        }
      ]
    }
  ],
  "check_results": null
}
