{
  "version": 4,
  "terraform_version": "1.15.8",
  "serial": 5,
  "lineage": "c0c8965f-5f20-7623-cd12-b189d2cc2414",
  "outputs": {
    "glue_job_name": {
      "value": "sqgdp-full-download",
      "type": "string"
    },
    "glue_role_arn": {
      "value": "arn:aws:iam::046003573498:role/glue-sqgdp-full-download-role",
      "type": "string"
    },
    "output_s3_uri": {
      "value": "s3://ecolooker-bea/bronze/sqgdp/",
      "type": "string"
    },
    "script_s3_uri": {
      "value": "s3://ecolooker-bea/scripts/glue/sqgdp_download_to_s3.py",
      "type": "string"
    }
  },
  "resources": [
    {
      "mode": "data",
      "type": "aws_s3_bucket",
      "name": "output",
      "provider": "provider[\"registry.terraform.io/hashicorp/aws\"]",
      "instances": [
        {
          "schema_version": 0,
          "attributes": {
            "arn": "arn:aws:s3:::ecolooker-bea",
            "bucket": "ecolooker-bea",
            "bucket_domain_name": "ecolooker-bea.s3.amazonaws.com",
            "bucket_region": "us-east-2",
            "bucket_regional_domain_name": "ecolooker-bea.s3.us-east-2.amazonaws.com",
            "hosted_zone_id": "Z2O1EMRO9K5GLX",
            "id": "ecolooker-bea",
            "region": "us-east-2",
            "website_domain": null,
            "website_endpoint": null
          },
          "sensitive_attributes": [],
          "identity_schema_version": 0
        }
      ]
    },
    {
      "mode": "managed",
      "type": "aws_glue_job",
      "name": "sqgdp_full_download",
      "provider": "provider[\"registry.terraform.io/hashicorp/aws\"]",
      "instances": [
        {
          "schema_version": 0,
          "attributes": {
            "arn": "arn:aws:glue:us-east-2:046003573498:job/sqgdp-full-download",
            "command": [
              {
                "name": "pythonshell",
                "python_version": "3.9",
                "runtime": "",
                "script_location": "s3://ecolooker-bea/scripts/glue/sqgdp_download_to_s3.py"
              }
            ],
            "connections": null,
            "default_arguments": {
              "--S3_BUCKET": "ecolooker-bea",
              "--S3_PREFIX": "bronze/sqgdp/",
              "--ZIP_URL": "https://apps.bea.gov/regional/zip/SQGDP.zip",
              "--job-language": "python"
            },
            "description": "",
            "execution_class": "",
            "execution_property": [
              {
                "max_concurrent_runs": 1
              }
            ],
            "glue_version": "3.0",
            "id": "sqgdp-full-download",
            "job_mode": "SCRIPT",
            "job_run_queuing_enabled": false,
            "maintenance_window": "",
            "max_capacity": 0.0625,
            "max_retries": 0,
            "name": "sqgdp-full-download",
            "non_overridable_arguments": null,
            "notification_property": [],
            "number_of_workers": 0,
            "region": "us-east-2",
            "role_arn": "arn:aws:iam::046003573498:role/glue-sqgdp-full-download-role",
            "security_configuration": "",
            "source_control_details": [],
            "tags": null,
            "tags_all": {},
            "timeout": 2880,
            "worker_type": ""
          },
          "sensitive_attributes": [],
          "identity_schema_version": 0,
          "identity": {
            "account_id": "046003573498",
            "name": "sqgdp-full-download",
            "region": "us-east-2"
          },
          "private": "bnVsbA==",
          "dependencies": [
            "aws_iam_role.glue_role",
            "aws_s3_object.glue_script",
            "data.aws_s3_bucket.output"
          ]
        }
      ]
    },
    {
      "mode": "managed",
      "type": "aws_iam_role",
      "name": "glue_role",
      "provider": "provider[\"registry.terraform.io/hashicorp/aws\"]",
      "instances": [
        {
          "schema_version": 0,
          "attributes": {
            "arn": "arn:aws:iam::046003573498:role/glue-sqgdp-full-download-role",
            "assume_role_policy": "{\"Statement\":[{\"Action\":\"sts:AssumeRole\",\"Effect\":\"Allow\",\"Principal\":{\"Service\":\"glue.amazonaws.com\"}}],\"Version\":\"2012-10-17\"}",
            "create_date": "2026-08-16T14:28:04Z",
            "description": "",
            "force_detach_policies": false,
            "id": "glue-sqgdp-full-download-role",
            "inline_policy": [],
            "managed_policy_arns": [],
            "max_session_duration": 3600,
            "name": "glue-sqgdp-full-download-role",
            "name_prefix": "",
            "path": "/",
            "permissions_boundary": "",
            "tags": null,
            "tags_all": {},
            "unique_id": "AROAQVNQG2L5HOGFUOMYT"
          },
          "sensitive_attributes": [],
          "identity_schema_version": 0,
          "identity": {
            "account_id": "046003573498",
            "name": "glue-sqgdp-full-download-role"
          },
          "private": "bnVsbA=="
        }
      ]
    },
    {
      "mode": "managed",
      "type": "aws_iam_role_policy",
      "name": "glue_sqgdp",
      "provider": "provider[\"registry.terraform.io/hashicorp/aws\"]",
      "instances": [
        {
          "schema_version": 0,
          "attributes": {
            "id": "glue-sqgdp-full-download-role:glue-sqgdp-full-download-policy",
            "name": "glue-sqgdp-full-download-policy",
            "name_prefix": "",
            "policy": "{\"Version\":\"2012-10-17\",\"Statement\":[{\"Action\":[\"logs:CreateLogGroup\",\"logs:CreateLogStream\",\"logs:PutLogEvents\"],\"Effect\":\"Allow\",\"Resource\":\"arn:aws:logs:*:*:log-group:/aws-glue/*\",\"Sid\":\"CloudWatchLogs\"},{\"Action\":[\"s3:GetObject\"],\"Effect\":\"Allow\",\"Resource\":\"arn:aws:s3:::ecolooker-bea/scripts/glue/sqgdp_download_to_s3.py\",\"Sid\":\"ReadGlueScript\"},{\"Action\":[\"s3:GetBucketLocation\"],\"Effect\":\"Allow\",\"Resource\":\"arn:aws:s3:::ecolooker-bea\",\"Sid\":\"GetBucketLocation\"},{\"Action\":[\"s3:PutObject\"],\"Effect\":\"Allow\",\"Resource\":\"arn:aws:s3:::ecolooker-bea/bronze/sqgdp/*\",\"Sid\":\"WriteSqgdpOutput\"}]}",
            "role": "glue-sqgdp-full-download-role"
          },
          "sensitive_attributes": [],
          "identity_schema_version": 0,
          "identity": {
            "account_id": "046003573498",
            "name": "glue-sqgdp-full-download-policy",
            "role": "glue-sqgdp-full-download-role"
          },
          "private": "bnVsbA==",
          "dependencies": [
            "aws_iam_role.glue_role",
            "data.aws_s3_bucket.output"
          ]
        }
      ]
    },
    {
      "mode": "managed",
      "type": "aws_s3_object",
      "name": "glue_script",
      "provider": "provider[\"registry.terraform.io/hashicorp/aws\"]",
      "instances": [
        {
          "schema_version": 0,
          "attributes": {
            "acl": null,
            "arn": "arn:aws:s3:::ecolooker-bea/scripts/glue/sqgdp_download_to_s3.py",
            "bucket": "ecolooker-bea",
            "bucket_key_enabled": false,
            "cache_control": "",
            "checksum_algorithm": null,
            "checksum_crc32": "",
            "checksum_crc32c": "",
            "checksum_crc64nvme": "",
            "checksum_sha1": "",
            "checksum_sha256": "",
            "content": null,
            "content_base64": null,
            "content_disposition": "",
            "content_encoding": "",
            "content_language": "",
            "content_type": "application/octet-stream",
            "etag": "8544b126cf8c41bd935c008c932e3e68",
            "force_destroy": false,
            "id": "ecolooker-bea/scripts/glue/sqgdp_download_to_s3.py",
            "key": "scripts/glue/sqgdp_download_to_s3.py",
            "kms_key_id": null,
            "metadata": null,
            "object_lock_legal_hold_status": "",
            "object_lock_mode": "",
            "object_lock_retain_until_date": "",
            "override_provider": [],
            "region": "us-east-2",
            "server_side_encryption": "AES256",
            "source": "./../../../glue/sqgdp_download_to_s3.py",
            "source_hash": null,
            "storage_class": "STANDARD",
            "tags": null,
            "tags_all": {},
            "version_id": "",
            "website_redirect": ""
          },
          "sensitive_attributes": [],
          "identity_schema_version": 0,
          "identity": {
            "account_id": "046003573498",
            "bucket": "ecolooker-bea",
            "key": "scripts/glue/sqgdp_download_to_s3.py",
            "region": "us-east-2"
          },
          "private": "bnVsbA==",
          "dependencies": [
            "data.aws_s3_bucket.output"
          ]
        }
      ]
    }
  ],
  "check_results": null
}
